
Microsoft Visual Studio Solution File, Format Version 12.00
# Visual Studio Version 16
VisualStudioVersion = 16.0.31729.503
MinimumVisualStudioVersion = 10.0.40219.1
Project("{FAE04EC0-301F-11D3-BF4B-00C04F79EFBC}") = "TrainBlazorAuthWasm.Server", "TrainBlazorAuthWasm\Server\TrainBlazorAuthWasm.Server.csproj", "{0DFAB363-FE96-4C24-8A1E-F1CA548934C2}"
EndProject
Project("{FAE04EC0-301F-11D3-BF4B-00C04F79EFBC}") = "TrainBlazorAuthWasm.Client", "TrainBlazorAuthWasm\Client\TrainBlazorAuthWasm.Client.csproj", "{7842EBCF-A779-4A0F-A40E-41BDF7774C7B}"
EndProject
Project("{FAE04EC0-301F-11D3-BF4B-00C04F79EFBC}") = "TrainBlazorAuthWasm.Shared", "TrainBlazorAuthWasm\Shared\TrainBlazorAuthWasm.Shared.csproj", "{683B728D-5ADE-4F9F-B393-DECBA83170F1}"
EndProject
Project("{FAE04EC0-301F-11D3-BF4B-00C04F79EFBC}") = "AddIdentityWasm.Server", "AddIdentityWasm\Server\AddIdentityWasm.Server.csproj", "{A016211F-5303-447E-8D63-D78E92D183CE}"
EndProject
Project("{FAE04EC0-301F-11D3-BF4B-00C04F79EFBC}") = "AddIdentityWasm.Client", "AddIdentityWasm\Client\AddIdentityWasm.Client.csproj", "{E2299E8E-D05C-402D-811D-5922074DF8E1}"
EndProject
Project("{FAE04EC0-301F-11D3-BF4B-00C04F79EFBC}") = "AddIdentityWasm.Shared", "AddIdentityWasm\Shared\AddIdentityWasm.Shared.csproj", "{AB9651F1-C57B-45D7-9948-39F8FAF74C0A}"
EndProject
Project("{2150E333-8FDC-42A3-9474-1A3956D46DE8}") = "Solution Items", "Solution Items", "{31ADCD44-1745-4CE9-9A4D-2F6D0BFFF881}"
	ProjectSection(SolutionItems) = preProject
		Readme1.txt = Readme1.txt
	EndProjectSection
EndProject
Global
	GlobalSection(SolutionConfigurationPlatforms) = preSolution
		Debug|Any CPU = Debug|Any CPU
		Release|Any CPU = Release|Any CPU
	EndGlobalSection
	GlobalSection(ProjectConfigurationPlatforms) = postSolution
		{0DFAB363-FE96-4C24-8A1E-F1CA548934C2}.Debug|Any CPU.ActiveCfg = Debug|Any CPU
		{0DFAB363-FE96-4C24-8A1E-F1CA548934C2}.Debug|Any CPU.Build.0 = Debug|Any CPU
		{0DFAB363-FE96-4C24-8A1E-F1CA548934C2}.Release|Any CPU.ActiveCfg = Release|Any CPU
		{0DFAB363-FE96-4C24-8A1E-F1CA548934C2}.Release|Any CPU.Build.0 = Release|Any CPU
		{7842EBCF-A779-4A0F-A40E-41BDF7774C7B}.Debug|Any CPU.ActiveCfg = Debug|Any CPU
		{7842EBCF-A779-4A0F-A40E-41BDF7774C7B}.Debug|Any CPU.Build.0 = Debug|Any CPU
		{7842EBCF-A779-4A0F-A40E-41BDF7774C7B}.Release|Any CPU.ActiveCfg = Release|Any CPU
		{7842EBCF-A779-4A0F-A40E-41BDF7774C7B}.Release|Any CPU.Build.0 = Release|Any CPU
		{683B728D-5ADE-4F9F-B393-DECBA83170F1}.Debug|Any CPU.ActiveCfg = Debug|Any CPU
		{683B728D-5ADE-4F9F-B393-DECBA83170F1}.Debug|Any CPU.Build.0 = Debug|Any CPU
		{683B728D-5ADE-4F9F-B393-DECBA83170F1}.Release|Any CPU.ActiveCfg = Release|Any CPU
		{683B728D-5ADE-4F9F-B393-DECBA83170F1}.Release|Any CPU.Build.0 = Release|Any CPU
		{A016211F-5303-447E-8D63-D78E92D183CE}.Debug|Any CPU.ActiveCfg = Debug|Any CPU
		{A016211F-5303-447E-8D63-D78E92D183CE}.Debug|Any CPU.Build.0 = Debug|Any CPU
		{A016211F-5303-447E-8D63-D78E92D183CE}.Release|Any CPU.ActiveCfg = Release|Any CPU
		{A016211F-5303-447E-8D63-D78E92D183CE}.Release|Any CPU.Build.0 = Release|Any CPU
		{E2299E8E-D05C-402D-811D-5922074DF8E1}.Debug|Any CPU.ActiveCfg = Debug|Any CPU
		{E2299E8E-D05C-402D-811D-5922074DF8E1}.Debug|Any CPU.Build.0 = Debug|Any CPU
		{E2299E8E-D05C-402D-811D-5922074DF8E1}.Release|Any CPU.ActiveCfg = Release|Any CPU
		{E2299E8E-D05C-402D-811D-5922074DF8E1}.Release|Any CPU.Build.0 = Release|Any CPU
		{AB9651F1-C57B-45D7-9948-39F8FAF74C0A}.Debug|Any CPU.ActiveCfg = Debug|Any CPU
		{AB9651F1-C57B-45D7-9948-39F8FAF74C0A}.Debug|Any CPU.Build.0 = Debug|Any CPU
		{AB9651F1-C57B-45D7-9948-39F8FAF74C0A}.Release|Any CPU.ActiveCfg = Release|Any CPU
		{AB9651F1-C57B-45D7-9948-39F8FAF74C0A}.Release|Any CPU.Build.0 = Release|Any CPU
	EndGlobalSection
	GlobalSection(SolutionProperties) = preSolution
		HideSolutionNode = FALSE
	EndGlobalSection
	GlobalSection(ExtensibilityGlobals) = postSolution
		SolutionGuid = {03B4E885-E32F-4277-BA70-F49BF484FCCE}
	EndGlobalSection
EndGlobal
